
Microsoft Visual Studio Solution File, Format Version 12.00
# Visual Studio 15
VisualStudioVersion = 15.0.28307.539
MinimumVisualStudioVersion = 10.0.40219.1
Project("{8BC9CEB8-8B4A-11D0-8D11-00A0C91BC942}") = "0402", "dev\dev.vcxproj", "{F3DDB77D-1819-4EE0-8650-F5E360AE3477}"
EndProject
Project("{8BC9CEB8-8B4A-11D0-8D11-00A0C91BC942}") = "0403", "0403\0403.vcxproj", "{351A3C32-4DAC-4AA2-A40E-F9A6118322F6}"
EndProject
Project("{8BC9CEB8-8B4A-11D0-8D11-00A0C91BC942}") = "test", "test\test.vcxproj", "{3B6C3914-9C86-4F88-888F-EE7C312A8F29}"
EndProject
Project("{8BC9CEB8-8B4A-11D0-8D11-00A0C91BC942}") = "0404", "0404\0404.vcxproj", "{C18DD243-D177-49F2-BD00-DC0E5F6673ED}"
EndProject
Project("{8BC9CEB8-8B4A-11D0-8D11-00A0C91BC942}") = "0406", "0406\0406.vcxproj", "{2C705FF8-FF4A-4397-9C80-B12F59268751}"
EndProject
Project("{8BC9CEB8-8B4A-11D0-8D11-00A0C91BC942}") = "111", "111\111.vcxproj", "{1BD0A4D8-B240-48CD-8055-928B8B8FA386}"
EndProject
Project("{8BC9CEB8-8B4A-11D0-8D11-00A0C91BC942}") = "222", "222\222.vcxproj", "{680C7E88-8774-4CDA-870C-BCBF869C304C}"
EndProject
Project("{8BC9CEB8-8B4A-11D0-8D11-00A0C91BC942}") = "333", "333\333.vcxproj", "{F36138C5-01EA-419E-BE8A-AD7A296C133F}"
EndProject
Project("{8BC9CEB8-8B4A-11D0-8D11-00A0C91BC942}") = "444", "444\444.vcxproj", "{15254878-F2AF-4662-8033-3784F7B11768}"
EndProject
Project("{8BC9CEB8-8B4A-11D0-8D11-00A0C91BC942}") = "0408", "0408\0408.vcxproj", "{D5FD14A7-15B5-4975-B133-F8E3303EF342}"
EndProject
Project("{8BC9CEB8-8B4A-11D0-8D11-00A0C91BC942}") = "0409", "0409\0409.vcxproj", "{43840EC5-72B7-4797-9A4E-F067FA7AA0CC}"
EndProject
Project("{8BC9CEB8-8B4A-11D0-8D11-00A0C91BC942}") = "0410", "0410\0410.vcxproj", "{DCED0D09-BE93-4AA2-B78B-2C265CBB1E10}"
EndProject
Project("{8BC9CEB8-8B4A-11D0-8D11-00A0C91BC942}") = "0411", "0411\0411.vcxproj", "{7570D641-CC12-4BC1-AF98-212DBAD2353E}"
EndProject
Project("{8BC9CEB8-8B4A-11D0-8D11-00A0C91BC942}") = "0413", "0413\0413.vcxproj", "{F601E8D5-D1B9-46FA-A818-DC307298C97E}"
EndProject
Project("{8BC9CEB8-8B4A-11D0-8D11-00A0C91BC942}") = "0415", "0415\0415.vcxproj", "{1B7979AE-803D-407A-BDA7-AB7747F18790}"
EndProject
Project("{8BC9CEB8-8B4A-11D0-8D11-00A0C91BC942}") = "0416", "0416\0416.vcxproj", "{80F25D03-C349-48C8-9FE7-336C4881D896}"
EndProject
Global
	GlobalSection(SolutionConfigurationPlatforms) = preSolution
		Debug|x64 = Debug|x64
		Debug|x86 = Debug|x86
		Release|x64 = Release|x64
		Release|x86 = Release|x86
	EndGlobalSection
	GlobalSection(ProjectConfigurationPlatforms) = postSolution
		{F3DDB77D-1819-4EE0-8650-F5E360AE3477}.Debug|x64.ActiveCfg = Debug|x64
		{F3DDB77D-1819-4EE0-8650-F5E360AE3477}.Debug|x64.Build.0 = Debug|x64
		{F3DDB77D-1819-4EE0-8650-F5E360AE3477}.Debug|x86.ActiveCfg = Debug|Win32
		{F3DDB77D-1819-4EE0-8650-F5E360AE3477}.Debug|x86.Build.0 = Debug|Win32
		{F3DDB77D-1819-4EE0-8650-F5E360AE3477}.Release|x64.ActiveCfg = Release|x64
		{F3DDB77D-1819-4EE0-8650-F5E360AE3477}.Release|x64.Build.0 = Release|x64
		{F3DDB77D-1819-4EE0-8650-F5E360AE3477}.Release|x86.ActiveCfg = Release|Win32
		{F3DDB77D-1819-4EE0-8650-F5E360AE3477}.Release|x86.Build.0 = Release|Win32
		{351A3C32-4DAC-4AA2-A40E-F9A6118322F6}.Debug|x64.ActiveCfg = Debug|x64
		{351A3C32-4DAC-4AA2-A40E-F9A6118322F6}.Debug|x64.Build.0 = Debug|x64
		{351A3C32-4DAC-4AA2-A40E-F9A6118322F6}.Debug|x86.ActiveCfg = Debug|Win32
		{351A3C32-4DAC-4AA2-A40E-F9A6118322F6}.Debug|x86.Build.0 = Debug|Win32
		{351A3C32-4DAC-4AA2-A40E-F9A6118322F6}.Release|x64.ActiveCfg = Release|x64
		{351A3C32-4DAC-4AA2-A40E-F9A6118322F6}.Release|x64.Build.0 = Release|x64
		{351A3C32-4DAC-4AA2-A40E-F9A6118322F6}.Release|x86.ActiveCfg = Release|Win32
		{351A3C32-4DAC-4AA2-A40E-F9A6118322F6}.Release|x86.Build.0 = Release|Win32
		{3B6C3914-9C86-4F88-888F-EE7C312A8F29}.Debug|x64.ActiveCfg = Debug|x64
		{3B6C3914-9C86-4F88-888F-EE7C312A8F29}.Debug|x64.Build.0 = Debug|x64
		{3B6C3914-9C86-4F88-888F-EE7C312A8F29}.Debug|x86.ActiveCfg = Debug|Win32
		{3B6C3914-9C86-4F88-888F-EE7C312A8F29}.Debug|x86.Build.0 = Debug|Win32
		{3B6C3914-9C86-4F88-888F-EE7C312A8F29}.Release|x64.ActiveCfg = Release|x64
		{3B6C3914-9C86-4F88-888F-EE7C312A8F29}.Release|x64.Build.0 = Release|x64
		{3B6C3914-9C86-4F88-888F-EE7C312A8F29}.Release|x86.ActiveCfg = Release|Win32
		{3B6C3914-9C86-4F88-888F-EE7C312A8F29}.Release|x86.Build.0 = Release|Win32
		{C18DD243-D177-49F2-BD00-DC0E5F6673ED}.Debug|x64.ActiveCfg = Debug|x64
		{C18DD243-D177-49F2-BD00-DC0E5F6673ED}.Debug|x64.Build.0 = Debug|x64
		{C18DD243-D177-49F2-BD00-DC0E5F6673ED}.Debug|x86.ActiveCfg = Debug|Win32
		{C18DD243-D177-49F2-BD00-DC0E5F6673ED}.Debug|x86.Build.0 = Debug|Win32
		{C18DD243-D177-49F2-BD00-DC0E5F6673ED}.Release|x64.ActiveCfg = Release|x64
		{C18DD243-D177-49F2-BD00-DC0E5F6673ED}.Release|x64.Build.0 = Release|x64
		{C18DD243-D177-49F2-BD00-DC0E5F6673ED}.Release|x86.ActiveCfg = Release|Win32
		{C18DD243-D177-49F2-BD00-DC0E5F6673ED}.Release|x86.Build.0 = Release|Win32
		{2C705FF8-FF4A-4397-9C80-B12F59268751}.Debug|x64.ActiveCfg = Debug|x64
		{2C705FF8-FF4A-4397-9C80-B12F59268751}.Debug|x64.Build.0 = Debug|x64
		{2C705FF8-FF4A-4397-9C80-B12F59268751}.Debug|x86.ActiveCfg = Debug|Win32
		{2C705FF8-FF4A-4397-9C80-B12F59268751}.Debug|x86.Build.0 = Debug|Win32
		{2C705FF8-FF4A-4397-9C80-B12F59268751}.Release|x64.ActiveCfg = Release|x64
		{2C705FF8-FF4A-4397-9C80-B12F59268751}.Release|x64.Build.0 = Release|x64
		{2C705FF8-FF4A-4397-9C80-B12F59268751}.Release|x86.ActiveCfg = Release|Win32
		{2C705FF8-FF4A-4397-9C80-B12F59268751}.Release|x86.Build.0 = Release|Win32
		{1BD0A4D8-B240-48CD-8055-928B8B8FA386}.Debug|x64.ActiveCfg = Debug|x64
		{1BD0A4D8-B240-48CD-8055-928B8B8FA386}.Debug|x64.Build.0 = Debug|x64
		{1BD0A4D8-B240-48CD-8055-928B8B8FA386}.Debug|x86.ActiveCfg = Debug|Win32
		{1BD0A4D8-B240-48CD-8055-928B8B8FA386}.Debug|x86.Build.0 = Debug|Win32
		{1BD0A4D8-B240-48CD-8055-928B8B8FA386}.Release|x64.ActiveCfg = Release|x64
		{1BD0A4D8-B240-48CD-8055-928B8B8FA386}.Release|x64.Build.0 = Release|x64
		{1BD0A4D8-B240-48CD-8055-928B8B8FA386}.Release|x86.ActiveCfg = Release|Win32
		{1BD0A4D8-B240-48CD-8055-928B8B8FA386}.Release|x86.Build.0 = Release|Win32
		{680C7E88-8774-4CDA-870C-BCBF869C304C}.Debug|x64.ActiveCfg = Debug|x64
		{680C7E88-8774-4CDA-870C-BCBF869C304C}.Debug|x64.Build.0 = Debug|x64
		{680C7E88-8774-4CDA-870C-BCBF869C304C}.Debug|x86.ActiveCfg = Debug|Win32
		{680C7E88-8774-4CDA-870C-BCBF869C304C}.Debug|x86.Build.0 = Debug|Win32
		{680C7E88-8774-4CDA-870C-BCBF869C304C}.Release|x64.ActiveCfg = Release|x64
		{680C7E88-8774-4CDA-870C-BCBF869C304C}.Release|x64.Build.0 = Release|x64
		{680C7E88-8774-4CDA-870C-BCBF869C304C}.Release|x86.ActiveCfg = Release|Win32
		{680C7E88-8774-4CDA-870C-BCBF869C304C}.Release|x86.Build.0 = Release|Win32
		{F36138C5-01EA-419E-BE8A-AD7A296C133F}.Debug|x64.ActiveCfg = Debug|x64
		{F36138C5-01EA-419E-BE8A-AD7A296C133F}.Debug|x64.Build.0 = Debug|x64
		{F36138C5-01EA-419E-BE8A-AD7A296C133F}.Debug|x86.ActiveCfg = Debug|Win32
		{F36138C5-01EA-419E-BE8A-AD7A296C133F}.Debug|x86.Build.0 = Debug|Win32
		{F36138C5-01EA-419E-BE8A-AD7A296C133F}.Release|x64.ActiveCfg = Release|x64
		{F36138C5-01EA-419E-BE8A-AD7A296C133F}.Release|x64.Build.0 = Release|x64
		{F36138C5-01EA-419E-BE8A-AD7A296C133F}.Release|x86.ActiveCfg = Release|Win32
		{F36138C5-01EA-419E-BE8A-AD7A296C133F}.Release|x86.Build.0 = Release|Win32
		{15254878-F2AF-4662-8033-3784F7B11768}.Debug|x64.ActiveCfg = Debug|x64
		{15254878-F2AF-4662-8033-3784F7B11768}.Debug|x64.Build.0 = Debug|x64
		{15254878-F2AF-4662-8033-3784F7B11768}.Debug|x86.ActiveCfg = Debug|Win32
		{15254878-F2AF-4662-8033-3784F7B11768}.Debug|x86.Build.0 = Debug|Win32
		{15254878-F2AF-4662-8033-3784F7B11768}.Release|x64.ActiveCfg = Release|x64
		{15254878-F2AF-4662-8033-3784F7B11768}.Release|x64.Build.0 = Release|x64
		{15254878-F2AF-4662-8033-3784F7B11768}.Release|x86.ActiveCfg = Release|Win32
		{15254878-F2AF-4662-8033-3784F7B11768}.Release|x86.Build.0 = Release|Win32
		{D5FD14A7-15B5-4975-B133-F8E3303EF342}.Debug|x64.ActiveCfg = Debug|x64
		{D5FD14A7-15B5-4975-B133-F8E3303EF342}.Debug|x64.Build.0 = Debug|x64
		{D5FD14A7-15B5-4975-B133-F8E3303EF342}.Debug|x86.ActiveCfg = Debug|Win32
		{D5FD14A7-15B5-4975-B133-F8E3303EF342}.Debug|x86.Build.0 = Debug|Win32
		{D5FD14A7-15B5-4975-B133-F8E3303EF342}.Release|x64.ActiveCfg = Release|x64
		{D5FD14A7-15B5-4975-B133-F8E3303EF342}.Release|x64.Build.0 = Release|x64
		{D5FD14A7-15B5-4975-B133-F8E3303EF342}.Release|x86.ActiveCfg = Release|Win32
		{D5FD14A7-15B5-4975-B133-F8E3303EF342}.Release|x86.Build.0 = Release|Win32
		{43840EC5-72B7-4797-9A4E-F067FA7AA0CC}.Debug|x64.ActiveCfg = Debug|x64
		{43840EC5-72B7-4797-9A4E-F067FA7AA0CC}.Debug|x64.Build.0 = Debug|x64
		{43840EC5-72B7-4797-9A4E-F067FA7AA0CC}.Debug|x86.ActiveCfg = Debug|Win32
		{43840EC5-72B7-4797-9A4E-F067FA7AA0CC}.Debug|x86.Build.0 = Debug|Win32
		{43840EC5-72B7-4797-9A4E-F067FA7AA0CC}.Release|x64.ActiveCfg = Release|x64
		{43840EC5-72B7-4797-9A4E-F067FA7AA0CC}.Release|x64.Build.0 = Release|x64
		{43840EC5-72B7-4797-9A4E-F067FA7AA0CC}.Release|x86.ActiveCfg = Release|Win32
		{43840EC5-72B7-4797-9A4E-F067FA7AA0CC}.Release|x86.Build.0 = Release|Win32
		{DCED0D09-BE93-4AA2-B78B-2C265CBB1E10}.Debug|x64.ActiveCfg = Debug|x64
		{DCED0D09-BE93-4AA2-B78B-2C265CBB1E10}.Debug|x64.Build.0 = Debug|x64
		{DCED0D09-BE93-4AA2-B78B-2C265CBB1E10}.Debug|x86.ActiveCfg = Debug|Win32
		{DCED0D09-BE93-4AA2-B78B-2C265CBB1E10}.Debug|x86.Build.0 = Debug|Win32
		{DCED0D09-BE93-4AA2-B78B-2C265CBB1E10}.Release|x64.ActiveCfg = Release|x64
		{DCED0D09-BE93-4AA2-B78B-2C265CBB1E10}.Release|x64.Build.0 = Release|x64
		{DCED0D09-BE93-4AA2-B78B-2C265CBB1E10}.Release|x86.ActiveCfg = Release|Win32
		{DCED0D09-BE93-4AA2-B78B-2C265CBB1E10}.Release|x86.Build.0 = Release|Win32
		{7570D641-CC12-4BC1-AF98-212DBAD2353E}.Debug|x64.ActiveCfg = Debug|x64
		{7570D641-CC12-4BC1-AF98-212DBAD2353E}.Debug|x64.Build.0 = Debug|x64
		{7570D641-CC12-4BC1-AF98-212DBAD2353E}.Debug|x86.ActiveCfg = Debug|Win32
		{7570D641-CC12-4BC1-AF98-212DBAD2353E}.Debug|x86.Build.0 = Debug|Win32
		{7570D641-CC12-4BC1-AF98-212DBAD2353E}.Release|x64.ActiveCfg = Release|x64
		{7570D641-CC12-4BC1-AF98-212DBAD2353E}.Release|x64.Build.0 = Release|x64
		{7570D641-CC12-4BC1-AF98-212DBAD2353E}.Release|x86.ActiveCfg = Release|Win32
		{7570D641-CC12-4BC1-AF98-212DBAD2353E}.Release|x86.Build.0 = Release|Win32
		{F601E8D5-D1B9-46FA-A818-DC307298C97E}.Debug|x64.ActiveCfg = Debug|x64
		{F601E8D5-D1B9-46FA-A818-DC307298C97E}.Debug|x64.Build.0 = Debug|x64
		{F601E8D5-D1B9-46FA-A818-DC307298C97E}.Debug|x86.ActiveCfg = Debug|Win32
		{F601E8D5-D1B9-46FA-A818-DC307298C97E}.Debug|x86.Build.0 = Debug|Win32
		{F601E8D5-D1B9-46FA-A818-DC307298C97E}.Release|x64.ActiveCfg = Release|x64
		{F601E8D5-D1B9-46FA-A818-DC307298C97E}.Release|x64.Build.0 = Release|x64
		{F601E8D5-D1B9-46FA-A818-DC307298C97E}.Release|x86.ActiveCfg = Release|Win32
		{F601E8D5-D1B9-46FA-A818-DC307298C97E}.Release|x86.Build.0 = Release|Win32
		{1B7979AE-803D-407A-BDA7-AB7747F18790}.Debug|x64.ActiveCfg = Debug|x64
		{1B7979AE-803D-407A-BDA7-AB7747F18790}.Debug|x64.Build.0 = Debug|x64
		{1B7979AE-803D-407A-BDA7-AB7747F18790}.Debug|x86.ActiveCfg = Debug|Win32
		{1B7979AE-803D-407A-BDA7-AB7747F18790}.Debug|x86.Build.0 = Debug|Win32
		{1B7979AE-803D-407A-BDA7-AB7747F18790}.Release|x64.ActiveCfg = Release|x64
		{1B7979AE-803D-407A-BDA7-AB7747F18790}.Release|x64.Build.0 = Release|x64
		{1B7979AE-803D-407A-BDA7-AB7747F18790}.Release|x86.ActiveCfg = Release|Win32
		{1B7979AE-803D-407A-BDA7-AB7747F18790}.Release|x86.Build.0 = Release|Win32
		{80F25D03-C349-48C8-9FE7-336C4881D896}.Debug|x64.ActiveCfg = Debug|x64
		{80F25D03-C349-48C8-9FE7-336C4881D896}.Debug|x64.Build.0 = Debug|x64
		{80F25D03-C349-48C8-9FE7-336C4881D896}.Debug|x86.ActiveCfg = Debug|Win32
		{80F25D03-C349-48C8-9FE7-336C4881D896}.Debug|x86.Build.0 = Debug|Win32
		{80F25D03-C349-48C8-9FE7-336C4881D896}.Release|x64.ActiveCfg = Release|x64
		{80F25D03-C349-48C8-9FE7-336C4881D896}.Release|x64.Build.0 = Release|x64
		{80F25D03-C349-48C8-9FE7-336C4881D896}.Release|x86.ActiveCfg = Release|Win32
		{80F25D03-C349-48C8-9FE7-336C4881D896}.Release|x86.Build.0 = Release|Win32
	EndGlobalSection
	GlobalSection(SolutionProperties) = preSolution
		HideSolutionNode = FALSE
	EndGlobalSection
	GlobalSection(ExtensibilityGlobals) = postSolution
		SolutionGuid = {57CFD2AF-A277-443B-A597-D6C683D7E673}
	EndGlobalSection
EndGlobal
